<?xml version="1.0" encoding="UTF-8" standalone="yes" ?>
<CodeBlocks_project_file>
	<FileVersion major="1" minor="6" />
	<Project>
		<Option title="Sortness" />
		<Option pch_mode="2" />
		<Option compiler="gcc" />
		<Build>
			<Target title="Debug">
				<Option output="bin/Debug/Sortness" prefix_auto="1" extension_auto="1" />
				<Option object_output="obj/Debug/" />
				<Option type="1" />
				<Option compiler="gcc" />
				<Compiler>
					<Add option="-g" />
				</Compiler>
			</Target>
			<Target title="Release">
				<Option output="bin/Release/Sortness" prefix_auto="1" extension_auto="1" />
				<Option object_output="obj/Release/" />
				<Option type="1" />
				<Option compiler="gcc" />
				<Compiler>
					<Add option="-O2" />
				</Compiler>
				<Linker>
					<Add option="-s" />
				</Linker>
			</Target>
		</Build>
		<Compiler>
			<Add option="-Wall" />
		</Compiler>
		<Unit filename="../../../../../codeblock projects/test/BTree.cpp" />
		<Unit filename="../../../../../codeblock projects/test/BTree.h" />
		<Unit filename="../../../../../codeblock projects/test/BubbleSort.cpp" />
		<Unit filename="../../../../../codeblock projects/test/BubbleSort.h" />
		<Unit filename="../../../../../codeblock projects/test/InsertionSort.cpp" />
		<Unit filename="../../../../../codeblock projects/test/InsertionSort.h" />
		<Unit filename="../../../../../codeblock projects/test/QuickSort.cpp" />
		<Unit filename="../../../../../codeblock projects/test/QuickSort.h" />
		<Unit filename="../../../../../codeblock projects/test/main.cpp" />
		<Unit filename="../../../../../codeblock projects/test/main.exe" />
		<Extensions>
			<code_completion />
			<debugger />
		</Extensions>
	</Project>
</CodeBlocks_project_file>
